{
  "name": "todoister",
  "version": "1.0.0",
  "lockfileVersion": 1,
  "requires": true,
  "dependencies": {
    "axios": {
      "version": "0.21.1",
      "resolved": "http://npm.yandex-team.ru/axios/-/axios-0.21.1.tgz?rbtorrent=d8a3174fe7b37a6fa24100baae163d82881a3148",
      "integrity": "sha512-dKQiRHxGD9PPRIUNIWvZhPTPpl1rf/OxTYKsqKUDjBwYylTvV7SjSHJb9ratfyzM6wCdLCOYLzs73qpg5c4iGA==",
      "requires": {
        "follow-redirects": "^1.10.0"
      }
    },
    "commander": {
      "version": "8.1.0",
      "resolved": "http://npm.yandex-team.ru/commander/-/commander-8.1.0.tgz?rbtorrent=2aca55c5ed13ab53e122b24761a1cf3a04a48bef",
      "integrity": "sha512-mf45ldcuHSYShkplHHGKWb4TrmwQadxOn7v4WuhDJy0ZVoY5JFajaRDKD0PNe5qXzBX0rhovjTnP6Kz9LETcuA=="
    },
    "dotenv": {
      "version": "10.0.0",
      "resolved": "http://npm.yandex-team.ru/dotenv/-/dotenv-10.0.0.tgz?rbtorrent=43ee7412b15be1ec34bf665cebc0562002ab8e2b",
      "integrity": "sha512-rlBi9d8jpv9Sf1klPjNfFAuWDjKLwTIJJ/VxtoTwIR6hnZxcEOQCZg2oIL3MWBYw5GpUDKOEnND7LXTbIpQ03Q=="
    },
    "follow-redirects": {
      "version": "1.14.2",
      "resolved": "http://npm.yandex-team.ru/follow-redirects/-/follow-redirects-1.14.2.tgz?rbtorrent=33efba00275cbd30381cd951c71cbf572062b618",
      "integrity": "sha512-yLR6WaE2lbF0x4K2qE2p9PEXKLDjUjnR/xmjS3wHAYxtlsI9MLLBJUZirAHKzUZDGLxje7w/cXR49WOUo4rbsA=="
    },
    "prettier": {
      "version": "2.3.2",
      "resolved": "http://npm.yandex-team.ru/prettier/-/prettier-2.3.2.tgz?rbtorrent=7a9c794335294c538ebbd55181632bc64c816c4d",
      "integrity": "sha512-lnJzDfJ66zkMy58OL5/NY5zp70S7Nz6KqcKkXYzn2tMVrNxvbqaBpg7H3qHaLxCJ5lNMsGuM8+ohS7cZrthdLQ==",
      "dev": true
    }
  }
}
